
Microsoft Visual Studio Solution File, Format Version 12.00
# Visual Studio Version 16
VisualStudioVersion = 16.0.31911.196
MinimumVisualStudioVersion = 10.0.40219.1
Project("{FAE04EC0-301F-11D3-BF4B-00C04F79EFBC}") = "Taishakuten", "Taishakuten\Taishakuten.csproj", "{95EB73C3-420A-46A7-AE41-E4DFEC0C3677}"
EndProject
Global
	GlobalSection(SolutionConfigurationPlatforms) = preSolution
		Debug|Any CPU = Debug|Any CPU
		Release|Any CPU = Release|Any CPU
	EndGlobalSection
	GlobalSection(ProjectConfigurationPlatforms) = postSolution
		{95EB73C3-420A-46A7-AE41-E4DFEC0C3677}.Debug|Any CPU.ActiveCfg = Debug|Any CPU
		{95EB73C3-420A-46A7-AE41-E4DFEC0C3677}.Debug|Any CPU.Build.0 = Debug|Any CPU
		{95EB73C3-420A-46A7-AE41-E4DFEC0C3677}.Release|Any CPU.ActiveCfg = Release|Any CPU
		{95EB73C3-420A-46A7-AE41-E4DFEC0C3677}.Release|Any CPU.Build.0 = Release|Any CPU
	EndGlobalSection
	GlobalSection(SolutionProperties) = preSolution
		HideSolutionNode = FALSE
	EndGlobalSection
	GlobalSection(ExtensibilityGlobals) = postSolution
		SolutionGuid = {BAC57207-CCF6-46D4-9F28-4564E5134017}
	EndGlobalSection
EndGlobal
